
Microsoft Visual Studio Solution File, Format Version 12.00
# Visual Studio Version 16
VisualStudioVersion = 16.0.30621.155
MinimumVisualStudioVersion = 10.0.40219.1
Project("{FAE04EC0-301F-11D3-BF4B-00C04F79EFBC}") = "GWApp.Android", "GWApp\GWApp.Android\GWApp.Android.csproj", "{54D3BB4F-A174-42DD-81B9-3797327CB53A}"
EndProject
Project("{FAE04EC0-301F-11D3-BF4B-00C04F79EFBC}") = "GWApp.iOS", "GWApp\GWApp.iOS\GWApp.iOS.csproj", "{346C51DF-B400-4D54-BE85-732304292C2A}"
EndProject
Project("{9A19103F-16F7-4668-BE54-9A1E7A4F7556}") = "GWApp", "GWApp\GWApp\GWApp.csproj", "{1EA9E2FA-0187-4CFA-9B49-27A4BE6EF345}"
EndProject
Global
	GlobalSection(SolutionConfigurationPlatforms) = preSolution
		Debug|Any CPU = Debug|Any CPU
		Debug|iPhone = Debug|iPhone
		Debug|iPhoneSimulator = Debug|iPhoneSimulator
		Release|Any CPU = Release|Any CPU
		Release|iPhone = Release|iPhone
		Release|iPhoneSimulator = Release|iPhoneSimulator
	EndGlobalSection
	GlobalSection(ProjectConfigurationPlatforms) = postSolution
		{54D3BB4F-A174-42DD-81B9-3797327CB53A}.Debug|Any CPU.ActiveCfg = Debug|Any CPU
		{54D3BB4F-A174-42DD-81B9-3797327CB53A}.Debug|Any CPU.Build.0 = Debug|Any CPU
		{54D3BB4F-A174-42DD-81B9-3797327CB53A}.Debug|Any CPU.Deploy.0 = Debug|Any CPU
		{54D3BB4F-A174-42DD-81B9-3797327CB53A}.Debug|iPhone.ActiveCfg = Debug|Any CPU
		{54D3BB4F-A174-42DD-81B9-3797327CB53A}.Debug|iPhone.Build.0 = Debug|Any CPU
		{54D3BB4F-A174-42DD-81B9-3797327CB53A}.Debug|iPhone.Deploy.0 = Debug|Any CPU
		{54D3BB4F-A174-42DD-81B9-3797327CB53A}.Debug|iPhoneSimulator.ActiveCfg = Debug|Any CPU
		{54D3BB4F-A174-42DD-81B9-3797327CB53A}.Debug|iPhoneSimulator.Build.0 = Debug|Any CPU
		{54D3BB4F-A174-42DD-81B9-3797327CB53A}.Debug|iPhoneSimulator.Deploy.0 = Debug|Any CPU
		{54D3BB4F-A174-42DD-81B9-3797327CB53A}.Release|Any CPU.ActiveCfg = Release|Any CPU
		{54D3BB4F-A174-42DD-81B9-3797327CB53A}.Release|Any CPU.Build.0 = Release|Any CPU
		{54D3BB4F-A174-42DD-81B9-3797327CB53A}.Release|Any CPU.Deploy.0 = Release|Any CPU
		{54D3BB4F-A174-42DD-81B9-3797327CB53A}.Release|iPhone.ActiveCfg = Release|Any CPU
		{54D3BB4F-A174-42DD-81B9-3797327CB53A}.Release|iPhone.Build.0 = Release|Any CPU
		{54D3BB4F-A174-42DD-81B9-3797327CB53A}.Release|iPhone.Deploy.0 = Release|Any CPU
		{54D3BB4F-A174-42DD-81B9-3797327CB53A}.Release|iPhoneSimulator.ActiveCfg = Release|Any CPU
		{54D3BB4F-A174-42DD-81B9-3797327CB53A}.Release|iPhoneSimulator.Build.0 = Release|Any CPU
		{54D3BB4F-A174-42DD-81B9-3797327CB53A}.Release|iPhoneSimulator.Deploy.0 = Release|Any CPU
		{346C51DF-B400-4D54-BE85-732304292C2A}.Debug|Any CPU.ActiveCfg = Debug|iPhone
		{346C51DF-B400-4D54-BE85-732304292C2A}.Debug|Any CPU.Build.0 = Debug|iPhone
		{346C51DF-B400-4D54-BE85-732304292C2A}.Debug|Any CPU.Deploy.0 = Debug|iPhone
		{346C51DF-B400-4D54-BE85-732304292C2A}.Debug|iPhone.ActiveCfg = Debug|iPhone
		{346C51DF-B400-4D54-BE85-732304292C2A}.Debug|iPhone.Build.0 = Debug|iPhone
		{346C51DF-B400-4D54-BE85-732304292C2A}.Debug|iPhone.Deploy.0 = Debug|iPhone
		{346C51DF-B400-4D54-BE85-732304292C2A}.Debug|iPhoneSimulator.ActiveCfg = Debug|iPhoneSimulator
		{346C51DF-B400-4D54-BE85-732304292C2A}.Debug|iPhoneSimulator.Build.0 = Debug|iPhoneSimulator
		{346C51DF-B400-4D54-BE85-732304292C2A}.Debug|iPhoneSimulator.Deploy.0 = Debug|iPhoneSimulator
		{346C51DF-B400-4D54-BE85-732304292C2A}.Release|Any CPU.ActiveCfg = Release|iPhoneSimulator
		{346C51DF-B400-4D54-BE85-732304292C2A}.Release|Any CPU.Build.0 = Release|iPhoneSimulator
		{346C51DF-B400-4D54-BE85-732304292C2A}.Release|Any CPU.Deploy.0 = Release|iPhoneSimulator
		{346C51DF-B400-4D54-BE85-732304292C2A}.Release|iPhone.ActiveCfg = Release|iPhone
		{346C51DF-B400-4D54-BE85-732304292C2A}.Release|iPhone.Build.0 = Release|iPhone
		{346C51DF-B400-4D54-BE85-732304292C2A}.Release|iPhone.Deploy.0 = Release|iPhone
		{346C51DF-B400-4D54-BE85-732304292C2A}.Release|iPhoneSimulator.ActiveCfg = Release|iPhoneSimulator
		{346C51DF-B400-4D54-BE85-732304292C2A}.Release|iPhoneSimulator.Build.0 = Release|iPhoneSimulator
		{346C51DF-B400-4D54-BE85-732304292C2A}.Release|iPhoneSimulator.Deploy.0 = Release|iPhoneSimulator
		{1EA9E2FA-0187-4CFA-9B49-27A4BE6EF345}.Debug|Any CPU.ActiveCfg = Debug|Any CPU
		{1EA9E2FA-0187-4CFA-9B49-27A4BE6EF345}.Debug|Any CPU.Build.0 = Debug|Any CPU
		{1EA9E2FA-0187-4CFA-9B49-27A4BE6EF345}.Debug|Any CPU.Deploy.0 = Debug|Any CPU
		{1EA9E2FA-0187-4CFA-9B49-27A4BE6EF345}.Debug|iPhone.ActiveCfg = Debug|Any CPU
		{1EA9E2FA-0187-4CFA-9B49-27A4BE6EF345}.Debug|iPhone.Build.0 = Debug|Any CPU
		{1EA9E2FA-0187-4CFA-9B49-27A4BE6EF345}.Debug|iPhone.Deploy.0 = Debug|Any CPU
		{1EA9E2FA-0187-4CFA-9B49-27A4BE6EF345}.Debug|iPhoneSimulator.ActiveCfg = Debug|Any CPU
		{1EA9E2FA-0187-4CFA-9B49-27A4BE6EF345}.Debug|iPhoneSimulator.Build.0 = Debug|Any CPU
		{1EA9E2FA-0187-4CFA-9B49-27A4BE6EF345}.Debug|iPhoneSimulator.Deploy.0 = Debug|Any CPU
		{1EA9E2FA-0187-4CFA-9B49-27A4BE6EF345}.Release|Any CPU.ActiveCfg = Release|Any CPU
		{1EA9E2FA-0187-4CFA-9B49-27A4BE6EF345}.Release|Any CPU.Build.0 = Release|Any CPU
		{1EA9E2FA-0187-4CFA-9B49-27A4BE6EF345}.Release|Any CPU.Deploy.0 = Release|Any CPU
		{1EA9E2FA-0187-4CFA-9B49-27A4BE6EF345}.Release|iPhone.ActiveCfg = Release|Any CPU
		{1EA9E2FA-0187-4CFA-9B49-27A4BE6EF345}.Release|iPhone.Build.0 = Release|Any CPU
		{1EA9E2FA-0187-4CFA-9B49-27A4BE6EF345}.Release|iPhone.Deploy.0 = Release|Any CPU
		{1EA9E2FA-0187-4CFA-9B49-27A4BE6EF345}.Release|iPhoneSimulator.ActiveCfg = Release|Any CPU
		{1EA9E2FA-0187-4CFA-9B49-27A4BE6EF345}.Release|iPhoneSimulator.Build.0 = Release|Any CPU
		{1EA9E2FA-0187-4CFA-9B49-27A4BE6EF345}.Release|iPhoneSimulator.Deploy.0 = Release|Any CPU
	EndGlobalSection
	GlobalSection(SolutionProperties) = preSolution
		HideSolutionNode = FALSE
	EndGlobalSection
	GlobalSection(ExtensibilityGlobals) = postSolution
		SolutionGuid = {2E2F4376-49AE-4395-A412-F42DDADC5F74}
	EndGlobalSection
EndGlobal
