
Microsoft Visual Studio Solution File, Format Version 12.00
# Visual Studio Version 16
VisualStudioVersion = 16.0.30621.155
MinimumVisualStudioVersion = 10.0.40219.1
Project("{FAE04EC0-301F-11D3-BF4B-00C04F79EFBC}") = "GWApp.Android", "GWApp\GWApp.Android\GWApp.Android.csproj", "{96790BE8-E392-456F-AEAE-1E55B7F684CB}"
EndProject
Project("{FAE04EC0-301F-11D3-BF4B-00C04F79EFBC}") = "GWApp.iOS", "GWApp\GWApp.iOS\GWApp.iOS.csproj", "{E3F4BAC1-9886-43B7-AF25-AFBCC940C6C4}"
EndProject
Project("{FAE04EC0-301F-11D3-BF4B-00C04F79EFBC}") = "GWApp", "GWApp\GWApp\GWApp.csproj", "{408A923D-EFD0-4A13-A44E-2E74A01C670F}"
EndProject
Global
	GlobalSection(SolutionConfigurationPlatforms) = preSolution
		Debug|Any CPU = Debug|Any CPU
		Debug|iPhone = Debug|iPhone
		Debug|iPhoneSimulator = Debug|iPhoneSimulator
		Release|Any CPU = Release|Any CPU
		Release|iPhone = Release|iPhone
		Release|iPhoneSimulator = Release|iPhoneSimulator
	EndGlobalSection
	GlobalSection(ProjectConfigurationPlatforms) = postSolution
		{96790BE8-E392-456F-AEAE-1E55B7F684CB}.Debug|Any CPU.ActiveCfg = Debug|Any CPU
		{96790BE8-E392-456F-AEAE-1E55B7F684CB}.Debug|Any CPU.Build.0 = Debug|Any CPU
		{96790BE8-E392-456F-AEAE-1E55B7F684CB}.Debug|Any CPU.Deploy.0 = Debug|Any CPU
		{96790BE8-E392-456F-AEAE-1E55B7F684CB}.Debug|iPhone.ActiveCfg = Debug|Any CPU
		{96790BE8-E392-456F-AEAE-1E55B7F684CB}.Debug|iPhone.Build.0 = Debug|Any CPU
		{96790BE8-E392-456F-AEAE-1E55B7F684CB}.Debug|iPhone.Deploy.0 = Debug|Any CPU
		{96790BE8-E392-456F-AEAE-1E55B7F684CB}.Debug|iPhoneSimulator.ActiveCfg = Debug|Any CPU
		{96790BE8-E392-456F-AEAE-1E55B7F684CB}.Debug|iPhoneSimulator.Build.0 = Debug|Any CPU
		{96790BE8-E392-456F-AEAE-1E55B7F684CB}.Debug|iPhoneSimulator.Deploy.0 = Debug|Any CPU
		{96790BE8-E392-456F-AEAE-1E55B7F684CB}.Release|Any CPU.ActiveCfg = Release|Any CPU
		{96790BE8-E392-456F-AEAE-1E55B7F684CB}.Release|Any CPU.Build.0 = Release|Any CPU
		{96790BE8-E392-456F-AEAE-1E55B7F684CB}.Release|Any CPU.Deploy.0 = Release|Any CPU
		{96790BE8-E392-456F-AEAE-1E55B7F684CB}.Release|iPhone.ActiveCfg = Release|Any CPU
		{96790BE8-E392-456F-AEAE-1E55B7F684CB}.Release|iPhone.Build.0 = Release|Any CPU
		{96790BE8-E392-456F-AEAE-1E55B7F684CB}.Release|iPhone.Deploy.0 = Release|Any CPU
		{96790BE8-E392-456F-AEAE-1E55B7F684CB}.Release|iPhoneSimulator.ActiveCfg = Release|Any CPU
		{96790BE8-E392-456F-AEAE-1E55B7F684CB}.Release|iPhoneSimulator.Build.0 = Release|Any CPU
		{96790BE8-E392-456F-AEAE-1E55B7F684CB}.Release|iPhoneSimulator.Deploy.0 = Release|Any CPU
		{E3F4BAC1-9886-43B7-AF25-AFBCC940C6C4}.Debug|Any CPU.ActiveCfg = Debug|iPhone
		{E3F4BAC1-9886-43B7-AF25-AFBCC940C6C4}.Debug|Any CPU.Build.0 = Debug|iPhone
		{E3F4BAC1-9886-43B7-AF25-AFBCC940C6C4}.Debug|Any CPU.Deploy.0 = Debug|iPhone
		{E3F4BAC1-9886-43B7-AF25-AFBCC940C6C4}.Debug|iPhone.ActiveCfg = Debug|iPhone
		{E3F4BAC1-9886-43B7-AF25-AFBCC940C6C4}.Debug|iPhone.Build.0 = Debug|iPhone
		{E3F4BAC1-9886-43B7-AF25-AFBCC940C6C4}.Debug|iPhone.Deploy.0 = Debug|iPhone
		{E3F4BAC1-9886-43B7-AF25-AFBCC940C6C4}.Debug|iPhoneSimulator.ActiveCfg = Debug|iPhoneSimulator
		{E3F4BAC1-9886-43B7-AF25-AFBCC940C6C4}.Debug|iPhoneSimulator.Build.0 = Debug|iPhoneSimulator
		{E3F4BAC1-9886-43B7-AF25-AFBCC940C6C4}.Debug|iPhoneSimulator.Deploy.0 = Debug|iPhoneSimulator
		{E3F4BAC1-9886-43B7-AF25-AFBCC940C6C4}.Release|Any CPU.ActiveCfg = Release|iPhoneSimulator
		{E3F4BAC1-9886-43B7-AF25-AFBCC940C6C4}.Release|Any CPU.Build.0 = Release|iPhoneSimulator
		{E3F4BAC1-9886-43B7-AF25-AFBCC940C6C4}.Release|Any CPU.Deploy.0 = Release|iPhoneSimulator
		{E3F4BAC1-9886-43B7-AF25-AFBCC940C6C4}.Release|iPhone.ActiveCfg = Release|iPhone
		{E3F4BAC1-9886-43B7-AF25-AFBCC940C6C4}.Release|iPhone.Build.0 = Release|iPhone
		{E3F4BAC1-9886-43B7-AF25-AFBCC940C6C4}.Release|iPhone.Deploy.0 = Release|iPhone
		{E3F4BAC1-9886-43B7-AF25-AFBCC940C6C4}.Release|iPhoneSimulator.ActiveCfg = Release|iPhoneSimulator
		{E3F4BAC1-9886-43B7-AF25-AFBCC940C6C4}.Release|iPhoneSimulator.Build.0 = Release|iPhoneSimulator
		{E3F4BAC1-9886-43B7-AF25-AFBCC940C6C4}.Release|iPhoneSimulator.Deploy.0 = Release|iPhoneSimulator
		{408A923D-EFD0-4A13-A44E-2E74A01C670F}.Debug|Any CPU.ActiveCfg = Debug|Any CPU
		{408A923D-EFD0-4A13-A44E-2E74A01C670F}.Debug|Any CPU.Build.0 = Debug|Any CPU
		{408A923D-EFD0-4A13-A44E-2E74A01C670F}.Debug|Any CPU.Deploy.0 = Debug|Any CPU
		{408A923D-EFD0-4A13-A44E-2E74A01C670F}.Debug|iPhone.ActiveCfg = Debug|Any CPU
		{408A923D-EFD0-4A13-A44E-2E74A01C670F}.Debug|iPhone.Build.0 = Debug|Any CPU
		{408A923D-EFD0-4A13-A44E-2E74A01C670F}.Debug|iPhone.Deploy.0 = Debug|Any CPU
		{408A923D-EFD0-4A13-A44E-2E74A01C670F}.Debug|iPhoneSimulator.ActiveCfg = Debug|Any CPU
		{408A923D-EFD0-4A13-A44E-2E74A01C670F}.Debug|iPhoneSimulator.Build.0 = Debug|Any CPU
		{408A923D-EFD0-4A13-A44E-2E74A01C670F}.Debug|iPhoneSimulator.Deploy.0 = Debug|Any CPU
		{408A923D-EFD0-4A13-A44E-2E74A01C670F}.Release|Any CPU.ActiveCfg = Release|Any CPU
		{408A923D-EFD0-4A13-A44E-2E74A01C670F}.Release|Any CPU.Build.0 = Release|Any CPU
		{408A923D-EFD0-4A13-A44E-2E74A01C670F}.Release|Any CPU.Deploy.0 = Release|Any CPU
		{408A923D-EFD0-4A13-A44E-2E74A01C670F}.Release|iPhone.ActiveCfg = Release|Any CPU
		{408A923D-EFD0-4A13-A44E-2E74A01C670F}.Release|iPhone.Build.0 = Release|Any CPU
		{408A923D-EFD0-4A13-A44E-2E74A01C670F}.Release|iPhone.Deploy.0 = Release|Any CPU
		{408A923D-EFD0-4A13-A44E-2E74A01C670F}.Release|iPhoneSimulator.ActiveCfg = Release|Any CPU
		{408A923D-EFD0-4A13-A44E-2E74A01C670F}.Release|iPhoneSimulator.Build.0 = Release|Any CPU
		{408A923D-EFD0-4A13-A44E-2E74A01C670F}.Release|iPhoneSimulator.Deploy.0 = Release|Any CPU
	EndGlobalSection
	GlobalSection(SolutionProperties) = preSolution
		HideSolutionNode = FALSE
	EndGlobalSection
	GlobalSection(ExtensibilityGlobals) = postSolution
		SolutionGuid = {3FB21C57-9835-4B34-B2B7-2F59D6F9E458}
	EndGlobalSection
EndGlobal
